// !$*UTF8*$!
{
	archiveVersion = 1;
	classes = {
	};
	objectVersion = 46;
	objects = {

/* Begin PBXBuildFile section */
		530FC95A1F17C373003576B0 /* AppDelegate.swift in Sources */ = {isa = PBXBuildFile; fileRef = 530FC9591F17C373003576B0 /* AppDelegate.swift */; };
		530FC95C1F17C373003576B0 /* BannerViewController.swift in Sources */ = {isa = PBXBuildFile; fileRef = 530FC95B1F17C373003576B0 /* BannerViewController.swift */; };
		530FC9611F17C373003576B0 /* Main.storyboard in Resources */ = {isa = PBXBuildFile; fileRef = 530FC95F1F17C373003576B0 /* Main.storyboard */; };
		530FC9631F17C373003576B0 /* Assets.xcassets in Resources */ = {isa = PBXBuildFile; fileRef = 530FC9621F17C373003576B0 /* Assets.xcassets */; };
		530FC9661F17C373003576B0 /* LaunchScreen.storyboard in Resources */ = {isa = PBXBuildFile; fileRef = 530FC9641F17C373003576B0 /* LaunchScreen.storyboard */; };
		530FC9711F17C373003576B0 /* AdGenerationDebugTests.swift in Sources */ = {isa = PBXBuildFile; fileRef = 530FC9701F17C373003576B0 /* AdGenerationDebugTests.swift */; };
		530FC97C1F17C373003576B0 /* AdGenerationDebugUITests.swift in Sources */ = {isa = PBXBuildFile; fileRef = 530FC97B1F17C373003576B0 /* AdGenerationDebugUITests.swift */; };
		530FC98A1F17C3E9003576B0 /* ADG.framework in Frameworks */ = {isa = PBXBuildFile; fileRef = 530FC9891F17C3E9003576B0 /* ADG.framework */; };
		530FC98D1F17C404003576B0 /* SystemConfiguration.framework in Frameworks */ = {isa = PBXBuildFile; fileRef = 530FC98C1F17C404003576B0 /* SystemConfiguration.framework */; };
		530FC98F1F17C409003576B0 /* CoreTelephony.framework in Frameworks */ = {isa = PBXBuildFile; fileRef = 530FC98E1F17C409003576B0 /* CoreTelephony.framework */; };
		530FC9911F17C40D003576B0 /* CoreLocation.framework in Frameworks */ = {isa = PBXBuildFile; fileRef = 530FC9901F17C40D003576B0 /* CoreLocation.framework */; };
		530FC9931F17C413003576B0 /* AVFoundation.framework in Frameworks */ = {isa = PBXBuildFile; fileRef = 530FC9921F17C413003576B0 /* AVFoundation.framework */; };
		530FC9951F17C417003576B0 /* CoreMedia.framework in Frameworks */ = {isa = PBXBuildFile; fileRef = 530FC9941F17C417003576B0 /* CoreMedia.framework */; };
		530FC9971F17C41C003576B0 /* MediaPlayer.framework in Frameworks */ = {isa = PBXBuildFile; fileRef = 530FC9961F17C41C003576B0 /* MediaPlayer.framework */; };
		530FC9991F17C422003576B0 /* AdSupport.framework in Frameworks */ = {isa = PBXBuildFile; fileRef = 530FC9981F17C422003576B0 /* AdSupport.framework */; };
		530FC99C1F17C565003576B0 /* StoreKit.framework in Frameworks */ = {isa = PBXBuildFile; fileRef = 530FC99B1F17C565003576B0 /* StoreKit.framework */; };
		530FC99E1F17C569003576B0 /* CoreMotion.framework in Frameworks */ = {isa = PBXBuildFile; fileRef = 530FC99D1F17C569003576B0 /* CoreMotion.framework */; };
		530FC9A01F17C570003576B0 /* AudioToolbox.framework in Frameworks */ = {isa = PBXBuildFile; fileRef = 530FC99F1F17C570003576B0 /* AudioToolbox.framework */; };
		530FC9A21F17C577003576B0 /* libxml2.tbd in Frameworks */ = {isa = PBXBuildFile; fileRef = 530FC9A11F17C577003576B0 /* libxml2.tbd */; };
		530FC9A41F17C57C003576B0 /* libc++.tbd in Frameworks */ = {isa = PBXBuildFile; fileRef = 530FC9A31F17C57C003576B0 /* libc++.tbd */; };
		530FC9A61F17C5E0003576B0 /* FBAudienceNetwork.framework in Frameworks */ = {isa = PBXBuildFile; fileRef = 530FC9A51F17C5E0003576B0 /* FBAudienceNetwork.framework */; };
		530FC9A81F17C656003576B0 /* ADGUtil.swift in Sources */ = {isa = PBXBuildFile; fileRef = 530FC9A71F17C656003576B0 /* ADGUtil.swift */; };
/* End PBXBuildFile section */

/* Begin PBXContainerItemProxy section */
		530FC96D1F17C373003576B0 /* PBXContainerItemProxy */ = {
			isa = PBXContainerItemProxy;
			containerPortal = 530FC94E1F17C373003576B0 /* Project object */;
			proxyType = 1;
			remoteGlobalIDString = 530FC9551F17C373003576B0;
			remoteInfo = AdGenerationDebug;
		};
		530FC9781F17C373003576B0 /* PBXContainerItemProxy */ = {
			isa = PBXContainerItemProxy;
			containerPortal = 530FC94E1F17C373003576B0 /* Project object */;
			proxyType = 1;
			remoteGlobalIDString = 530FC9551F17C373003576B0;
			remoteInfo = AdGenerationDebug;
		};
/* End PBXContainerItemProxy section */

/* Begin PBXFileReference section */
		530FC9561F17C373003576B0 /* AdGenerationDebug.app */ = {isa = PBXFileReference; explicitFileType = wrapper.application; includeInIndex = 0; path = AdGenerationDebug.app; sourceTree = BUILT_PRODUCTS_DIR; };
		530FC9591F17C373003576B0 /* AppDelegate.swift */ = {isa = PBXFileReference; lastKnownFileType = sourcecode.swift; path = AppDelegate.swift; sourceTree = "<group>"; };
		530FC95B1F17C373003576B0 /* BannerViewController.swift */ = {isa = PBXFileReference; lastKnownFileType = sourcecode.swift; path = BannerViewController.swift; sourceTree = "<group>"; };
		530FC9601F17C373003576B0 /* Base */ = {isa = PBXFileReference; lastKnownFileType = file.storyboard; name = Base; path = Base.lproj/Main.storyboard; sourceTree = "<group>"; };
		530FC9621F17C373003576B0 /* Assets.xcassets */ = {isa = PBXFileReference; lastKnownFileType = folder.assetcatalog; path = Assets.xcassets; sourceTree = "<group>"; };
		530FC9651F17C373003576B0 /* Base */ = {isa = PBXFileReference; lastKnownFileType = file.storyboard; name = Base; path = Base.lproj/LaunchScreen.storyboard; sourceTree = "<group>"; };
		530FC9671F17C373003576B0 /* Info.plist */ = {isa = PBXFileReference; lastKnownFileType = text.plist.xml; path = Info.plist; sourceTree = "<group>"; };
		530FC96C1F17C373003576B0 /* AdGenerationDebugTests.xctest */ = {isa = PBXFileReference; explicitFileType = wrapper.cfbundle; includeInIndex = 0; path = AdGenerationDebugTests.xctest; sourceTree = BUILT_PRODUCTS_DIR; };
		530FC9701F17C373003576B0 /* AdGenerationDebugTests.swift */ = {isa = PBXFileReference; lastKnownFileType = sourcecode.swift; path = AdGenerationDebugTests.swift; sourceTree = "<group>"; };
		530FC9721F17C373003576B0 /* Info.plist */ = {isa = PBXFileReference; lastKnownFileType = text.plist.xml; path = Info.plist; sourceTree = "<group>"; };
		530FC9771F17C373003576B0 /* AdGenerationDebugUITests.xctest */ = {isa = PBXFileReference; explicitFileType = wrapper.cfbundle; includeInIndex = 0; path = AdGenerationDebugUITests.xctest; sourceTree = BUILT_PRODUCTS_DIR; };
		530FC97B1F17C373003576B0 /* AdGenerationDebugUITests.swift */ = {isa = PBXFileReference; lastKnownFileType = sourcecode.swift; path = AdGenerationDebugUITests.swift; sourceTree = "<group>"; };
		530FC97D1F17C373003576B0 /* Info.plist */ = {isa = PBXFileReference; lastKnownFileType = text.plist.xml; path = Info.plist; sourceTree = "<group>"; };
		530FC9891F17C3E9003576B0 /* ADG.framework */ = {isa = PBXFileReference; lastKnownFileType = wrapper.framework; path = ADG.framework; sourceTree = "<group>"; };
		530FC98C1F17C404003576B0 /* SystemConfiguration.framework */ = {isa = PBXFileReference; lastKnownFileType = wrapper.framework; name = SystemConfiguration.framework; path = System/Library/Frameworks/SystemConfiguration.framework; sourceTree = SDKROOT; };
		530FC98E1F17C409003576B0 /* CoreTelephony.framework */ = {isa = PBXFileReference; lastKnownFileType = wrapper.framework; name = CoreTelephony.framework; path = System/Library/Frameworks/CoreTelephony.framework; sourceTree = SDKROOT; };
		530FC9901F17C40D003576B0 /* CoreLocation.framework */ = {isa = PBXFileReference; lastKnownFileType = wrapper.framework; name = CoreLocation.framework; path = System/Library/Frameworks/CoreLocation.framework; sourceTree = SDKROOT; };
		530FC9921F17C413003576B0 /* AVFoundation.framework */ = {isa = PBXFileReference; lastKnownFileType = wrapper.framework; name = AVFoundation.framework; path = System/Library/Frameworks/AVFoundation.framework; sourceTree = SDKROOT; };
		530FC9941F17C417003576B0 /* CoreMedia.framework */ = {isa = PBXFileReference; lastKnownFileType = wrapper.framework; name = CoreMedia.framework; path = System/Library/Frameworks/CoreMedia.framework; sourceTree = SDKROOT; };
		530FC9961F17C41C003576B0 /* MediaPlayer.framework */ = {isa = PBXFileReference; lastKnownFileType = wrapper.framework; name = MediaPlayer.framework; path = System/Library/Frameworks/MediaPlayer.framework; sourceTree = SDKROOT; };
		530FC9981F17C422003576B0 /* AdSupport.framework */ = {isa = PBXFileReference; lastKnownFileType = wrapper.framework; name = AdSupport.framework; path = System/Library/Frameworks/AdSupport.framework; sourceTree = SDKROOT; };
		530FC99A1F17C47F003576B0 /* AdGenerationDebug-Bridging-Header.h */ = {isa = PBXFileReference; lastKnownFileType = sourcecode.c.h; path = "AdGenerationDebug-Bridging-Header.h"; sourceTree = "<group>"; };
		530FC99B1F17C565003576B0 /* StoreKit.framework */ = {isa = PBXFileReference; lastKnownFileType = wrapper.framework; name = StoreKit.framework; path = System/Library/Frameworks/StoreKit.framework; sourceTree = SDKROOT; };
		530FC99D1F17C569003576B0 /* CoreMotion.framework */ = {isa = PBXFileReference; lastKnownFileType = wrapper.framework; name = CoreMotion.framework; path = System/Library/Frameworks/CoreMotion.framework; sourceTree = SDKROOT; };
		530FC99F1F17C570003576B0 /* AudioToolbox.framework */ = {isa = PBXFileReference; lastKnownFileType = wrapper.framework; name = AudioToolbox.framework; path = System/Library/Frameworks/AudioToolbox.framework; sourceTree = SDKROOT; };
		530FC9A11F17C577003576B0 /* libxml2.tbd */ = {isa = PBXFileReference; lastKnownFileType = "sourcecode.text-based-dylib-definition"; name = libxml2.tbd; path = usr/lib/libxml2.tbd; sourceTree = SDKROOT; };
		530FC9A31F17C57C003576B0 /* libc++.tbd */ = {isa = PBXFileReference; lastKnownFileType = "sourcecode.text-based-dylib-definition"; name = "libc++.tbd"; path = "usr/lib/libc++.tbd"; sourceTree = SDKROOT; };
		530FC9A51F17C5E0003576B0 /* FBAudienceNetwork.framework */ = {isa = PBXFileReference; lastKnownFileType = wrapper.framework; path = FBAudienceNetwork.framework; sourceTree = "<group>"; };
		530FC9A71F17C656003576B0 /* ADGUtil.swift */ = {isa = PBXFileReference; fileEncoding = 4; lastKnownFileType = sourcecode.swift; path = ADGUtil.swift; sourceTree = "<group>"; };
/* End PBXFileReference section */

/* Begin PBXFrameworksBuildPhase section */
		530FC9531F17C373003576B0 /* Frameworks */ = {
			isa = PBXFrameworksBuildPhase;
			buildActionMask = 2147483647;
			files = (
				530FC9A41F17C57C003576B0 /* libc++.tbd in Frameworks */,
				530FC9A21F17C577003576B0 /* libxml2.tbd in Frameworks */,
				530FC9A01F17C570003576B0 /* AudioToolbox.framework in Frameworks */,
				530FC99E1F17C569003576B0 /* CoreMotion.framework in Frameworks */,
				530FC99C1F17C565003576B0 /* StoreKit.framework in Frameworks */,
				530FC9A61F17C5E0003576B0 /* FBAudienceNetwork.framework in Frameworks */,
				530FC9991F17C422003576B0 /* AdSupport.framework in Frameworks */,
				530FC9971F17C41C003576B0 /* MediaPlayer.framework in Frameworks */,
				530FC9951F17C417003576B0 /* CoreMedia.framework in Frameworks */,
				530FC9931F17C413003576B0 /* AVFoundation.framework in Frameworks */,
				530FC9911F17C40D003576B0 /* CoreLocation.framework in Frameworks */,
				530FC98F1F17C409003576B0 /* CoreTelephony.framework in Frameworks */,
				530FC98D1F17C404003576B0 /* SystemConfiguration.framework in Frameworks */,
				530FC98A1F17C3E9003576B0 /* ADG.framework in Frameworks */,
			);
			runOnlyForDeploymentPostprocessing = 0;
		};
		530FC9691F17C373003576B0 /* Frameworks */ = {
			isa = PBXFrameworksBuildPhase;
			buildActionMask = 2147483647;
			files = (
			);
			runOnlyForDeploymentPostprocessing = 0;
		};
		530FC9741F17C373003576B0 /* Frameworks */ = {
			isa = PBXFrameworksBuildPhase;
			buildActionMask = 2147483647;
			files = (
			);
			runOnlyForDeploymentPostprocessing = 0;
		};
/* End PBXFrameworksBuildPhase section */

/* Begin PBXGroup section */
		530FC94D1F17C373003576B0 = {
			isa = PBXGroup;
			children = (
				530FC9581F17C373003576B0 /* AdGenerationDebug */,
				530FC96F1F17C373003576B0 /* AdGenerationDebugTests */,
				530FC97A1F17C373003576B0 /* AdGenerationDebugUITests */,
				530FC9571F17C373003576B0 /* Products */,
				530FC98B1F17C404003576B0 /* Frameworks */,
			);
			sourceTree = "<group>";
		};
		530FC9571F17C373003576B0 /* Products */ = {
			isa = PBXGroup;
			children = (
				530FC9561F17C373003576B0 /* AdGenerationDebug.app */,
				530FC96C1F17C373003576B0 /* AdGenerationDebugTests.xctest */,
				530FC9771F17C373003576B0 /* AdGenerationDebugUITests.xctest */,
			);
			name = Products;
			sourceTree = "<group>";
		};
		530FC9581F17C373003576B0 /* AdGenerationDebug */ = {
			isa = PBXGroup;
			children = (
				530FC9A51F17C5E0003576B0 /* FBAudienceNetwork.framework */,
				530FC9891F17C3E9003576B0 /* ADG.framework */,
				530FC9591F17C373003576B0 /* AppDelegate.swift */,
				530FC95B1F17C373003576B0 /* BannerViewController.swift */,
				530FC95F1F17C373003576B0 /* Main.storyboard */,
				530FC9621F17C373003576B0 /* Assets.xcassets */,
				530FC9641F17C373003576B0 /* LaunchScreen.storyboard */,
				530FC9671F17C373003576B0 /* Info.plist */,
				530FC99A1F17C47F003576B0 /* AdGenerationDebug-Bridging-Header.h */,
				530FC9A71F17C656003576B0 /* ADGUtil.swift */,
			);
			path = AdGenerationDebug;
			sourceTree = "<group>";
		};
		530FC96F1F17C373003576B0 /* AdGenerationDebugTests */ = {
			isa = PBXGroup;
			children = (
				530FC9701F17C373003576B0 /* AdGenerationDebugTests.swift */,
				530FC9721F17C373003576B0 /* Info.plist */,
			);
			path = AdGenerationDebugTests;
			sourceTree = "<group>";
		};
		530FC97A1F17C373003576B0 /* AdGenerationDebugUITests */ = {
			isa = PBXGroup;
			children = (
				530FC97B1F17C373003576B0 /* AdGenerationDebugUITests.swift */,
				530FC97D1F17C373003576B0 /* Info.plist */,
			);
			path = AdGenerationDebugUITests;
			sourceTree = "<group>";
		};
		530FC98B1F17C404003576B0 /* Frameworks */ = {
			isa = PBXGroup;
			children = (
				530FC9A31F17C57C003576B0 /* libc++.tbd */,
				530FC9A11F17C577003576B0 /* libxml2.tbd */,
				530FC99F1F17C570003576B0 /* AudioToolbox.framework */,
				530FC99D1F17C569003576B0 /* CoreMotion.framework */,
				530FC99B1F17C565003576B0 /* StoreKit.framework */,
				530FC9981F17C422003576B0 /* AdSupport.framework */,
				530FC9961F17C41C003576B0 /* MediaPlayer.framework */,
				530FC9941F17C417003576B0 /* CoreMedia.framework */,
				530FC9921F17C413003576B0 /* AVFoundation.framework */,
				530FC9901F17C40D003576B0 /* CoreLocation.framework */,
				530FC98E1F17C409003576B0 /* CoreTelephony.framework */,
				530FC98C1F17C404003576B0 /* SystemConfiguration.framework */,
			);
			name = Frameworks;
			sourceTree = "<group>";
		};
/* End PBXGroup section */

/* Begin PBXNativeTarget section */
		530FC9551F17C373003576B0 /* AdGenerationDebug */ = {
			isa = PBXNativeTarget;
			buildConfigurationList = 530FC9801F17C373003576B0 /* Build configuration list for PBXNativeTarget "AdGenerationDebug" */;
			buildPhases = (
				530FC9521F17C373003576B0 /* Sources */,
				530FC9531F17C373003576B0 /* Frameworks */,
				530FC9541F17C373003576B0 /* Resources */,
			);
			buildRules = (
			);
			dependencies = (
			);
			name = AdGenerationDebug;
			productName = AdGenerationDebug;
			productReference = 530FC9561F17C373003576B0 /* AdGenerationDebug.app */;
			productType = "com.apple.product-type.application";
		};
		530FC96B1F17C373003576B0 /* AdGenerationDebugTests */ = {
			isa = PBXNativeTarget;
			buildConfigurationList = 530FC9831F17C373003576B0 /* Build configuration list for PBXNativeTarget "AdGenerationDebugTests" */;
			buildPhases = (
				530FC9681F17C373003576B0 /* Sources */,
				530FC9691F17C373003576B0 /* Frameworks */,
				530FC96A1F17C373003576B0 /* Resources */,
			);
			buildRules = (
			);
			dependencies = (
				530FC96E1F17C373003576B0 /* PBXTargetDependency */,
			);
			name = AdGenerationDebugTests;
			productName = AdGenerationDebugTests;
			productReference = 530FC96C1F17C373003576B0 /* AdGenerationDebugTests.xctest */;
			productType = "com.apple.product-type.bundle.unit-test";
		};
		530FC9761F17C373003576B0 /* AdGenerationDebugUITests */ = {
			isa = PBXNativeTarget;
			buildConfigurationList = 530FC9861F17C373003576B0 /* Build configuration list for PBXNativeTarget "AdGenerationDebugUITests" */;
			buildPhases = (
				530FC9731F17C373003576B0 /* Sources */,
				530FC9741F17C373003576B0 /* Frameworks */,
				530FC9751F17C373003576B0 /* Resources */,
			);
			buildRules = (
			);
			dependencies = (
				530FC9791F17C373003576B0 /* PBXTargetDependency */,
			);
			name = AdGenerationDebugUITests;
			productName = AdGenerationDebugUITests;
			productReference = 530FC9771F17C373003576B0 /* AdGenerationDebugUITests.xctest */;
			productType = "com.apple.product-type.bundle.ui-testing";
		};
/* End PBXNativeTarget section */

/* Begin PBXProject section */
		530FC94E1F17C373003576B0 /* Project object */ = {
			isa = PBXProject;
			attributes = {
				LastSwiftUpdateCheck = 0830;
				LastUpgradeCheck = 0830;
				ORGANIZATIONNAME = kiyotakagoto.com;
				TargetAttributes = {
					530FC9551F17C373003576B0 = {
						CreatedOnToolsVersion = 8.3.3;
						DevelopmentTeam = 6KQ8Z6N423;
						ProvisioningStyle = Automatic;
					};
					530FC96B1F17C373003576B0 = {
						CreatedOnToolsVersion = 8.3.3;
						ProvisioningStyle = Automatic;
						TestTargetID = 530FC9551F17C373003576B0;
					};
					530FC9761F17C373003576B0 = {
						CreatedOnToolsVersion = 8.3.3;
						ProvisioningStyle = Automatic;
						TestTargetID = 530FC9551F17C373003576B0;
					};
				};
			};
			buildConfigurationList = 530FC9511F17C373003576B0 /* Build configuration list for PBXProject "AdGenerationDebug" */;
			compatibilityVersion = "Xcode 3.2";
			developmentRegion = English;
			hasScannedForEncodings = 0;
			knownRegions = (
				en,
				Base,
			);
			mainGroup = 530FC94D1F17C373003576B0;
			productRefGroup = 530FC9571F17C373003576B0 /* Products */;
			projectDirPath = "";
			projectRoot = "";
			targets = (
				530FC9551F17C373003576B0 /* AdGenerationDebug */,
				530FC96B1F17C373003576B0 /* AdGenerationDebugTests */,
				530FC9761F17C373003576B0 /* AdGenerationDebugUITests */,
			);
		};
/* End PBXProject section */

/* Begin PBXResourcesBuildPhase section */
		530FC9541F17C373003576B0 /* Resources */ = {
			isa = PBXResourcesBuildPhase;
			buildActionMask = 2147483647;
			files = (
				530FC9661F17C373003576B0 /* LaunchScreen.storyboard in Resources */,
				530FC9631F17C373003576B0 /* Assets.xcassets in Resources */,
				530FC9611F17C373003576B0 /* Main.storyboard in Resources */,
			);
			runOnlyForDeploymentPostprocessing = 0;
		};
		530FC96A1F17C373003576B0 /* Resources */ = {
			isa = PBXResourcesBuildPhase;
			buildActionMask = 2147483647;
			files = (
			);
			runOnlyForDeploymentPostprocessing = 0;
		};
		530FC9751F17C373003576B0 /* Resources */ = {
			isa = PBXResourcesBuildPhase;
			buildActionMask = 2147483647;
			files = (
			);
			runOnlyForDeploymentPostprocessing = 0;
		};
/* End PBXResourcesBuildPhase section */

/* Begin PBXSourcesBuildPhase section */
		530FC9521F17C373003576B0 /* Sources */ = {
			isa = PBXSourcesBuildPhase;
			buildActionMask = 2147483647;
			files = (
				530FC9A81F17C656003576B0 /* ADGUtil.swift in Sources */,
				530FC95A1F17C373003576B0 /* AppDelegate.swift in Sources */,
				530FC95C1F17C373003576B0 /* BannerViewController.swift in Sources */,
			);
			runOnlyForDeploymentPostprocessing = 0;
		};
		530FC9681F17C373003576B0 /* Sources */ = {
			isa = PBXSourcesBuildPhase;
			buildActionMask = 2147483647;
			files = (
				530FC9711F17C373003576B0 /* AdGenerationDebugTests.swift in Sources */,
			);
			runOnlyForDeploymentPostprocessing = 0;
		};
		530FC9731F17C373003576B0 /* Sources */ = {
			isa = PBXSourcesBuildPhase;
			buildActionMask = 2147483647;
			files = (
				530FC97C1F17C373003576B0 /* AdGenerationDebugUITests.swift in Sources */,
			);
			runOnlyForDeploymentPostprocessing = 0;
		};
/* End PBXSourcesBuildPhase section */

/* Begin PBXTargetDependency section */
		530FC96E1F17C373003576B0 /* PBXTargetDependency */ = {
			isa = PBXTargetDependency;
			target = 530FC9551F17C373003576B0 /* AdGenerationDebug */;
			targetProxy = 530FC96D1F17C373003576B0 /* PBXContainerItemProxy */;
		};
		530FC9791F17C373003576B0 /* PBXTargetDependency */ = {
			isa = PBXTargetDependency;
			target = 530FC9551F17C373003576B0 /* AdGenerationDebug */;
			targetProxy = 530FC9781F17C373003576B0 /* PBXContainerItemProxy */;
		};
/* End PBXTargetDependency section */

/* Begin PBXVariantGroup section */
		530FC95F1F17C373003576B0 /* Main.storyboard */ = {
			isa = PBXVariantGroup;
			children = (
				530FC9601F17C373003576B0 /* Base */,
			);
			name = Main.storyboard;
			sourceTree = "<group>";
		};
		530FC9641F17C373003576B0 /* LaunchScreen.storyboard */ = {
			isa = PBXVariantGroup;
			children = (
				530FC9651F17C373003576B0 /* Base */,
			);
			name = LaunchScreen.storyboard;
			sourceTree = "<group>";
		};
/* End PBXVariantGroup section */

/* Begin XCBuildConfiguration section */
		530FC97E1F17C373003576B0 /* Debug */ = {
			isa = XCBuildConfiguration;
			buildSettings = {
				ALWAYS_SEARCH_USER_PATHS = NO;
				CLANG_ANALYZER_NONNULL = YES;
				CLANG_ANALYZER_NUMBER_OBJECT_CONVERSION = YES_AGGRESSIVE;
				CLANG_CXX_LANGUAGE_STANDARD = "gnu++0x";
				CLANG_CXX_LIBRARY = "libc++";
				CLANG_ENABLE_MODULES = YES;
				CLANG_ENABLE_OBJC_ARC = YES;
				CLANG_WARN_BOOL_CONVERSION = YES;
				CLANG_WARN_CONSTANT_CONVERSION = YES;
				CLANG_WARN_DIRECT_OBJC_ISA_USAGE = YES_ERROR;
				CLANG_WARN_DOCUMENTATION_COMMENTS = YES;
				CLANG_WARN_EMPTY_BODY = YES;
				CLANG_WARN_ENUM_CONVERSION = YES;
				CLANG_WARN_INFINITE_RECURSION = YES;
				CLANG_WARN_INT_CONVERSION = YES;
				CLANG_WARN_OBJC_ROOT_CLASS = YES_ERROR;
				CLANG_WARN_SUSPICIOUS_MOVE = YES;
				CLANG_WARN_UNREACHABLE_CODE = YES;
				CLANG_WARN__DUPLICATE_METHOD_MATCH = YES;
				"CODE_SIGN_IDENTITY[sdk=iphoneos*]" = "iPhone Developer";
				COPY_PHASE_STRIP = NO;
				DEBUG_INFORMATION_FORMAT = dwarf;
				ENABLE_STRICT_OBJC_MSGSEND = YES;
				ENABLE_TESTABILITY = YES;
				GCC_C_LANGUAGE_STANDARD = gnu99;
				GCC_DYNAMIC_NO_PIC = NO;
				GCC_NO_COMMON_BLOCKS = YES;
				GCC_OPTIMIZATION_LEVEL = 0;
				GCC_PREPROCESSOR_DEFINITIONS = (
					"DEBUG=1",
					"$(inherited)",
				);
				GCC_WARN_64_TO_32_BIT_CONVERSION = YES;
				GCC_WARN_ABOUT_RETURN_TYPE = YES_ERROR;
				GCC_WARN_UNDECLARED_SELECTOR = YES;
				GCC_WARN_UNINITIALIZED_AUTOS = YES_AGGRESSIVE;
				GCC_WARN_UNUSED_FUNCTION = YES;
				GCC_WARN_UNUSED_VARIABLE = YES;
				IPHONEOS_DEPLOYMENT_TARGET = 10.3;
				MTL_ENABLE_DEBUG_INFO = YES;
				ONLY_ACTIVE_ARCH = YES;
				SDKROOT = iphoneos;
				SWIFT_ACTIVE_COMPILATION_CONDITIONS = DEBUG;
				SWIFT_OPTIMIZATION_LEVEL = "-Onone";
				TARGETED_DEVICE_FAMILY = "1,2";
			};
			name = Debug;
		};
		530FC97F1F17C373003576B0 /* Release */ = {
			isa = XCBuildConfiguration;
			buildSettings = {
				ALWAYS_SEARCH_USER_PATHS = NO;
				CLANG_ANALYZER_NONNULL = YES;
				CLANG_ANALYZER_NUMBER_OBJECT_CONVERSION = YES_AGGRESSIVE;
				CLANG_CXX_LANGUAGE_STANDARD = "gnu++0x";
				CLANG_CXX_LIBRARY = "libc++";
				CLANG_ENABLE_MODULES = YES;
				CLANG_ENABLE_OBJC_ARC = YES;
				CLANG_WARN_BOOL_CONVERSION = YES;
				CLANG_WARN_CONSTANT_CONVERSION = YES;
				CLANG_WARN_DIRECT_OBJC_ISA_USAGE = YES_ERROR;
				CLANG_WARN_DOCUMENTATION_COMMENTS = YES;
				CLANG_WARN_EMPTY_BODY = YES;
				CLANG_WARN_ENUM_CONVERSION = YES;
				CLANG_WARN_INFINITE_RECURSION = YES;
				CLANG_WARN_INT_CONVERSION = YES;
				CLANG_WARN_OBJC_ROOT_CLASS = YES_ERROR;
				CLANG_WARN_SUSPICIOUS_MOVE = YES;
				CLANG_WARN_UNREACHABLE_CODE = YES;
				CLANG_WARN__DUPLICATE_METHOD_MATCH = YES;
				"CODE_SIGN_IDENTITY[sdk=iphoneos*]" = "iPhone Developer";
				COPY_PHASE_STRIP = NO;
				DEBUG_INFORMATION_FORMAT = "dwarf-with-dsym";
				ENABLE_NS_ASSERTIONS = NO;
				ENABLE_STRICT_OBJC_MSGSEND = YES;
				GCC_C_LANGUAGE_STANDARD = gnu99;
				GCC_NO_COMMON_BLOCKS = YES;
				GCC_WARN_64_TO_32_BIT_CONVERSION = YES;
				GCC_WARN_ABOUT_RETURN_TYPE = YES_ERROR;
				GCC_WARN_UNDECLARED_SELECTOR = YES;
				GCC_WARN_UNINITIALIZED_AUTOS = YES_AGGRESSIVE;
				GCC_WARN_UNUSED_FUNCTION = YES;
				GCC_WARN_UNUSED_VARIABLE = YES;
				IPHONEOS_DEPLOYMENT_TARGET = 10.3;
				MTL_ENABLE_DEBUG_INFO = NO;
				SDKROOT = iphoneos;
				SWIFT_OPTIMIZATION_LEVEL = "-Owholemodule";
				TARGETED_DEVICE_FAMILY = "1,2";
				VALIDATE_PRODUCT = YES;
			};
			name = Release;
		};
		530FC9811F17C373003576B0 /* Debug */ = {
			isa = XCBuildConfiguration;
			buildSettings = {
				ASSETCATALOG_COMPILER_APPICON_NAME = AppIcon;
				DEVELOPMENT_TEAM = 6KQ8Z6N423;
				FRAMEWORK_SEARCH_PATHS = (
					"$(inherited)",
					"$(PROJECT_DIR)/AdGenerationDebug",
				);
				INFOPLIST_FILE = AdGenerationDebug/Info.plist;
				LD_RUNPATH_SEARCH_PATHS = "$(inherited) @executable_path/Frameworks";
				OTHER_LDFLAGS = "-ObjC";
				PRODUCT_BUNDLE_IDENTIFIER = com.kiyotakagoto.AdGenerationDebug;
				PRODUCT_NAME = "$(TARGET_NAME)";
				SWIFT_OBJC_BRIDGING_HEADER = "AdGenerationDebug/AdGenerationDebug-Bridging-Header.h";
				SWIFT_VERSION = 3.0;
			};
			name = Debug;
		};
		530FC9821F17C373003576B0 /* Release */ = {
			isa = XCBuildConfiguration;
			buildSettings = {
				ASSETCATALOG_COMPILER_APPICON_NAME = AppIcon;
				DEVELOPMENT_TEAM = 6KQ8Z6N423;
				FRAMEWORK_SEARCH_PATHS = (
					"$(inherited)",
					"$(PROJECT_DIR)/AdGenerationDebug",
				);
				INFOPLIST_FILE = AdGenerationDebug/Info.plist;
				LD_RUNPATH_SEARCH_PATHS = "$(inherited) @executable_path/Frameworks";
				OTHER_LDFLAGS = "-ObjC";
				PRODUCT_BUNDLE_IDENTIFIER = com.kiyotakagoto.AdGenerationDebug;
				PRODUCT_NAME = "$(TARGET_NAME)";
				SWIFT_OBJC_BRIDGING_HEADER = "AdGenerationDebug/AdGenerationDebug-Bridging-Header.h";
				SWIFT_VERSION = 3.0;
			};
			name = Release;
		};
		530FC9841F17C373003576B0 /* Debug */ = {
			isa = XCBuildConfiguration;
			buildSettings = {
				ALWAYS_EMBED_SWIFT_STANDARD_LIBRARIES = YES;
				BUNDLE_LOADER = "$(TEST_HOST)";
				INFOPLIST_FILE = AdGenerationDebugTests/Info.plist;
				LD_RUNPATH_SEARCH_PATHS = "$(inherited) @executable_path/Frameworks @loader_path/Frameworks";
				PRODUCT_BUNDLE_IDENTIFIER = com.kiyotakagoto.AdGenerationDebugTests;
				PRODUCT_NAME = "$(TARGET_NAME)";
				SWIFT_VERSION = 3.0;
				TEST_HOST = "$(BUILT_PRODUCTS_DIR)/AdGenerationDebug.app/AdGenerationDebug";
			};
			name = Debug;
		};
		530FC9851F17C373003576B0 /* Release */ = {
			isa = XCBuildConfiguration;
			buildSettings = {
				ALWAYS_EMBED_SWIFT_STANDARD_LIBRARIES = YES;
				BUNDLE_LOADER = "$(TEST_HOST)";
				INFOPLIST_FILE = AdGenerationDebugTests/Info.plist;
				LD_RUNPATH_SEARCH_PATHS = "$(inherited) @executable_path/Frameworks @loader_path/Frameworks";
				PRODUCT_BUNDLE_IDENTIFIER = com.kiyotakagoto.AdGenerationDebugTests;
				PRODUCT_NAME = "$(TARGET_NAME)";
				SWIFT_VERSION = 3.0;
				TEST_HOST = "$(BUILT_PRODUCTS_DIR)/AdGenerationDebug.app/AdGenerationDebug";
			};
			name = Release;
		};
		530FC9871F17C373003576B0 /* Debug */ = {
			isa = XCBuildConfiguration;
			buildSettings = {
				ALWAYS_EMBED_SWIFT_STANDARD_LIBRARIES = YES;
				INFOPLIST_FILE = AdGenerationDebugUITests/Info.plist;
				LD_RUNPATH_SEARCH_PATHS = "$(inherited) @executable_path/Frameworks @loader_path/Frameworks";
				PRODUCT_BUNDLE_IDENTIFIER = com.kiyotakagoto.AdGenerationDebugUITests;
				PRODUCT_NAME = "$(TARGET_NAME)";
				SWIFT_VERSION = 3.0;
				TEST_TARGET_NAME = AdGenerationDebug;
			};
			name = Debug;
		};
		530FC9881F17C373003576B0 /* Release */ = {
			isa = XCBuildConfiguration;
			buildSettings = {
				ALWAYS_EMBED_SWIFT_STANDARD_LIBRARIES = YES;
				INFOPLIST_FILE = AdGenerationDebugUITests/Info.plist;
				LD_RUNPATH_SEARCH_PATHS = "$(inherited) @executable_path/Frameworks @loader_path/Frameworks";
				PRODUCT_BUNDLE_IDENTIFIER = com.kiyotakagoto.AdGenerationDebugUITests;
				PRODUCT_NAME = "$(TARGET_NAME)";
				SWIFT_VERSION = 3.0;
				TEST_TARGET_NAME = AdGenerationDebug;
			};
			name = Release;
		};
/* End XCBuildConfiguration section */

/* Begin XCConfigurationList section */
		530FC9511F17C373003576B0 /* Build configuration list for PBXProject "AdGenerationDebug" */ = {
			isa = XCConfigurationList;
			buildConfigurations = (
				530FC97E1F17C373003576B0 /* Debug */,
				530FC97F1F17C373003576B0 /* Release */,
			);
			defaultConfigurationIsVisible = 0;
			defaultConfigurationName = Release;
		};
		530FC9801F17C373003576B0 /* Build configuration list for PBXNativeTarget "AdGenerationDebug" */ = {
			isa = XCConfigurationList;
			buildConfigurations = (
				530FC9811F17C373003576B0 /* Debug */,
				530FC9821F17C373003576B0 /* Release */,
			);
			defaultConfigurationIsVisible = 0;
		};
		530FC9831F17C373003576B0 /* Build configuration list for PBXNativeTarget "AdGenerationDebugTests" */ = {
			isa = XCConfigurationList;
			buildConfigurations = (
				530FC9841F17C373003576B0 /* Debug */,
				530FC9851F17C373003576B0 /* Release */,
			);
			defaultConfigurationIsVisible = 0;
		};
		530FC9861F17C373003576B0 /* Build configuration list for PBXNativeTarget "AdGenerationDebugUITests" */ = {
			isa = XCConfigurationList;
			buildConfigurations = (
				530FC9871F17C373003576B0 /* Debug */,
				530FC9881F17C373003576B0 /* Release */,
			);
			defaultConfigurationIsVisible = 0;
		};
/* End XCConfigurationList section */
	};
	rootObject = 530FC94E1F17C373003576B0 /* Project object */;
}
